
Microsoft Visual Studio Solution File, Format Version 12.00
# Visual Studio Version 17
VisualStudioVersion = 17.2.32602.215
MinimumVisualStudioVersion = 10.0.40219.1
Project("{FAE04EC0-301F-11D3-BF4B-00C04F79EFBC}") = "AdviceGiver", "AdviceGiver\AdviceGiver.csproj", "{1C73B7E5-8F43-4305-9ED7-7307595DF82A}"
EndProject
Global
	GlobalSection(SolutionConfigurationPlatforms) = preSolution
		Debug|Any CPU = Debug|Any CPU
		Release|Any CPU = Release|Any CPU
	EndGlobalSection
	GlobalSection(ProjectConfigurationPlatforms) = postSolution
		{1C73B7E5-8F43-4305-9ED7-7307595DF82A}.Debug|Any CPU.ActiveCfg = Debug|Any CPU
		{1C73B7E5-8F43-4305-9ED7-7307595DF82A}.Debug|Any CPU.Build.0 = Debug|Any CPU
		{1C73B7E5-8F43-4305-9ED7-7307595DF82A}.Release|Any CPU.ActiveCfg = Release|Any CPU
		{1C73B7E5-8F43-4305-9ED7-7307595DF82A}.Release|Any CPU.Build.0 = Release|Any CPU
	EndGlobalSection
	GlobalSection(SolutionProperties) = preSolution
		HideSolutionNode = FALSE
	EndGlobalSection
	GlobalSection(ExtensibilityGlobals) = postSolution
		SolutionGuid = {B135CA9F-9F25-4E97-B8B4-8DEA69F50BDC}
	EndGlobalSection
EndGlobal
